
Microsoft Visual Studio Solution File, Format Version 12.00
Project("{2150E333-8FDC-42A3-9474-1A3956D46DE8}") = "Backend", "Backend", "{F19313BE-EBC0-4B58-BEAE-BEDE1EE3912E}"
EndProject
Project("{2150E333-8FDC-42A3-9474-1A3956D46DE8}") = "Frontend", "Frontend", "{A1C0AF94-4431-4EF4-909C-CE76B128C7C5}"
EndProject
Project("{FAE04EC0-301F-11D3-BF4B-00C04F79EFBC}") = "Persistence", "Persistence\Persistence.csproj", "{0E68E8E6-6694-497C-91EE-D07A37E41DED}"
EndProject
Project("{FAE04EC0-301F-11D3-BF4B-00C04F79EFBC}") = "API", "API\API.csproj", "{531827BB-BE7B-4C71-B2C9-47A5F97BE3F8}"
EndProject
Project("{2150E333-8FDC-42A3-9474-1A3956D46DE8}") = "Solution Items", "Solution Items", "{00C22551-E1A2-4A45-8972-FE6B2B58798A}"
	ProjectSection(SolutionItems) = preProject
		docker-compose.yml = docker-compose.yml
	EndProjectSection
EndProject
Project("{FAE04EC0-301F-11D3-BF4B-00C04F79EFBC}") = "Facade", "Facade\Facade.csproj", "{7772D3A6-1E31-434B-9258-B8DA572ABC06}"
EndProject
Project("{FAE04EC0-301F-11D3-BF4B-00C04F79EFBC}") = "Controllers", "Controllers\Controllers.csproj", "{F230E6EB-80C5-46C5-B502-F571BEDBF49D}"
EndProject
Project("{FAE04EC0-301F-11D3-BF4B-00C04F79EFBC}") = "Service", "Service\Service.csproj", "{0838C1CC-E1E3-4335-A3A3-47BD4A0494F2}"
EndProject
Project("{FAE04EC0-301F-11D3-BF4B-00C04F79EFBC}") = "Mapper", "Mapper\Mapper.csproj", "{FE5D6B9B-31A9-4A99-BF52-CF2E4F359A36}"
EndProject
Global
	GlobalSection(SolutionConfigurationPlatforms) = preSolution
		Debug|Any CPU = Debug|Any CPU
		Release|Any CPU = Release|Any CPU
	EndGlobalSection
	GlobalSection(ProjectConfigurationPlatforms) = postSolution
		{0E68E8E6-6694-497C-91EE-D07A37E41DED}.Debug|Any CPU.ActiveCfg = Debug|Any CPU
		{0E68E8E6-6694-497C-91EE-D07A37E41DED}.Debug|Any CPU.Build.0 = Debug|Any CPU
		{0E68E8E6-6694-497C-91EE-D07A37E41DED}.Release|Any CPU.ActiveCfg = Release|Any CPU
		{0E68E8E6-6694-497C-91EE-D07A37E41DED}.Release|Any CPU.Build.0 = Release|Any CPU
		{531827BB-BE7B-4C71-B2C9-47A5F97BE3F8}.Debug|Any CPU.ActiveCfg = Debug|Any CPU
		{531827BB-BE7B-4C71-B2C9-47A5F97BE3F8}.Debug|Any CPU.Build.0 = Debug|Any CPU
		{531827BB-BE7B-4C71-B2C9-47A5F97BE3F8}.Release|Any CPU.ActiveCfg = Release|Any CPU
		{531827BB-BE7B-4C71-B2C9-47A5F97BE3F8}.Release|Any CPU.Build.0 = Release|Any CPU
		{7772D3A6-1E31-434B-9258-B8DA572ABC06}.Debug|Any CPU.ActiveCfg = Debug|Any CPU
		{7772D3A6-1E31-434B-9258-B8DA572ABC06}.Debug|Any CPU.Build.0 = Debug|Any CPU
		{7772D3A6-1E31-434B-9258-B8DA572ABC06}.Release|Any CPU.ActiveCfg = Release|Any CPU
		{7772D3A6-1E31-434B-9258-B8DA572ABC06}.Release|Any CPU.Build.0 = Release|Any CPU
		{F230E6EB-80C5-46C5-B502-F571BEDBF49D}.Debug|Any CPU.ActiveCfg = Debug|Any CPU
		{F230E6EB-80C5-46C5-B502-F571BEDBF49D}.Debug|Any CPU.Build.0 = Debug|Any CPU
		{F230E6EB-80C5-46C5-B502-F571BEDBF49D}.Release|Any CPU.ActiveCfg = Release|Any CPU
		{F230E6EB-80C5-46C5-B502-F571BEDBF49D}.Release|Any CPU.Build.0 = Release|Any CPU
		{0838C1CC-E1E3-4335-A3A3-47BD4A0494F2}.Debug|Any CPU.ActiveCfg = Debug|Any CPU
		{0838C1CC-E1E3-4335-A3A3-47BD4A0494F2}.Debug|Any CPU.Build.0 = Debug|Any CPU
		{0838C1CC-E1E3-4335-A3A3-47BD4A0494F2}.Release|Any CPU.ActiveCfg = Release|Any CPU
		{0838C1CC-E1E3-4335-A3A3-47BD4A0494F2}.Release|Any CPU.Build.0 = Release|Any CPU
		{FE5D6B9B-31A9-4A99-BF52-CF2E4F359A36}.Debug|Any CPU.ActiveCfg = Debug|Any CPU
		{FE5D6B9B-31A9-4A99-BF52-CF2E4F359A36}.Debug|Any CPU.Build.0 = Debug|Any CPU
		{FE5D6B9B-31A9-4A99-BF52-CF2E4F359A36}.Release|Any CPU.ActiveCfg = Release|Any CPU
		{FE5D6B9B-31A9-4A99-BF52-CF2E4F359A36}.Release|Any CPU.Build.0 = Release|Any CPU
	EndGlobalSection
	GlobalSection(NestedProjects) = preSolution
		{0E68E8E6-6694-497C-91EE-D07A37E41DED} = {F19313BE-EBC0-4B58-BEAE-BEDE1EE3912E}
		{531827BB-BE7B-4C71-B2C9-47A5F97BE3F8} = {F19313BE-EBC0-4B58-BEAE-BEDE1EE3912E}
		{7772D3A6-1E31-434B-9258-B8DA572ABC06} = {F19313BE-EBC0-4B58-BEAE-BEDE1EE3912E}
		{F230E6EB-80C5-46C5-B502-F571BEDBF49D} = {F19313BE-EBC0-4B58-BEAE-BEDE1EE3912E}
		{0838C1CC-E1E3-4335-A3A3-47BD4A0494F2} = {F19313BE-EBC0-4B58-BEAE-BEDE1EE3912E}
		{FE5D6B9B-31A9-4A99-BF52-CF2E4F359A36} = {F19313BE-EBC0-4B58-BEAE-BEDE1EE3912E}
	EndGlobalSection
EndGlobal
